# THIS IS AN AUTOGENERATED FILE. DO NOT EDIT THIS FILE DIRECTLY.
# yarn lockfile v1


"@my/fancy-pkg@1.0.2":
  version "1.0.2"
  resolved "http://localhost:4000/@my%2ffancy-pkg/-/fancy-pkg-1.0.2.tgz#4c40cb0b8262487f493cfdb4501e230953ba7aaa"
  integrity sha512-IH6Zg6Cp3HGZoOdwBL0OO155W3W0QoZK2wPaudcVTSOtmEaEayXjom5B6XmnDbIKMPJY3I4jftyQI0OpcI0h/w==
